
Microsoft Visual Studio Solution File, Format Version 12.00
# Visual Studio 15
VisualStudioVersion = 15.0.27004.2005
MinimumVisualStudioVersion = 10.0.40219.1
Project("{FAE04EC0-301F-11D3-BF4B-00C04F79EFBC}") = "bmiPCL.Android", "bmiPCL\bmiPCL.Android\bmiPCL.Android.csproj", "{CDD211DF-62E5-49CA-938C-85AAB5E666F1}"
EndProject
Project("{FAE04EC0-301F-11D3-BF4B-00C04F79EFBC}") = "bmiPCL", "bmiPCL\bmiPCL\bmiPCL.csproj", "{BE0BF03D-40E3-4603-A7A0-3C2C8124A78F}"
EndProject
Project("{FAE04EC0-301F-11D3-BF4B-00C04F79EFBC}") = "bmiPCL.iOS", "bmiPCL\bmiPCL.iOS\bmiPCL.iOS.csproj", "{CD1E4837-99A6-4849-B254-C5DB4D15F622}"
EndProject
Global
	GlobalSection(SolutionConfigurationPlatforms) = preSolution
		Ad-Hoc|Any CPU = Ad-Hoc|Any CPU
		Ad-Hoc|iPhone = Ad-Hoc|iPhone
		Ad-Hoc|iPhoneSimulator = Ad-Hoc|iPhoneSimulator
		AppStore|Any CPU = AppStore|Any CPU
		AppStore|iPhone = AppStore|iPhone
		AppStore|iPhoneSimulator = AppStore|iPhoneSimulator
		Debug|Any CPU = Debug|Any CPU
		Debug|iPhone = Debug|iPhone
		Debug|iPhoneSimulator = Debug|iPhoneSimulator
		Release|Any CPU = Release|Any CPU
		Release|iPhone = Release|iPhone
		Release|iPhoneSimulator = Release|iPhoneSimulator
	EndGlobalSection
	GlobalSection(ProjectConfigurationPlatforms) = postSolution
		{CDD211DF-62E5-49CA-938C-85AAB5E666F1}.Ad-Hoc|Any CPU.ActiveCfg = Release|Any CPU
		{CDD211DF-62E5-49CA-938C-85AAB5E666F1}.Ad-Hoc|Any CPU.Build.0 = Release|Any CPU
		{CDD211DF-62E5-49CA-938C-85AAB5E666F1}.Ad-Hoc|Any CPU.Deploy.0 = Release|Any CPU
		{CDD211DF-62E5-49CA-938C-85AAB5E666F1}.Ad-Hoc|iPhone.ActiveCfg = Release|Any CPU
		{CDD211DF-62E5-49CA-938C-85AAB5E666F1}.Ad-Hoc|iPhone.Build.0 = Release|Any CPU
		{CDD211DF-62E5-49CA-938C-85AAB5E666F1}.Ad-Hoc|iPhone.Deploy.0 = Release|Any CPU
		{CDD211DF-62E5-49CA-938C-85AAB5E666F1}.Ad-Hoc|iPhoneSimulator.ActiveCfg = Release|Any CPU
		{CDD211DF-62E5-49CA-938C-85AAB5E666F1}.Ad-Hoc|iPhoneSimulator.Build.0 = Release|Any CPU
		{CDD211DF-62E5-49CA-938C-85AAB5E666F1}.Ad-Hoc|iPhoneSimulator.Deploy.0 = Release|Any CPU
		{CDD211DF-62E5-49CA-938C-85AAB5E666F1}.AppStore|Any CPU.ActiveCfg = Release|Any CPU
		{CDD211DF-62E5-49CA-938C-85AAB5E666F1}.AppStore|Any CPU.Build.0 = Release|Any CPU
		{CDD211DF-62E5-49CA-938C-85AAB5E666F1}.AppStore|Any CPU.Deploy.0 = Release|Any CPU
		{CDD211DF-62E5-49CA-938C-85AAB5E666F1}.AppStore|iPhone.ActiveCfg = Release|Any CPU
		{CDD211DF-62E5-49CA-938C-85AAB5E666F1}.AppStore|iPhone.Build.0 = Release|Any CPU
		{CDD211DF-62E5-49CA-938C-85AAB5E666F1}.AppStore|iPhone.Deploy.0 = Release|Any CPU
		{CDD211DF-62E5-49CA-938C-85AAB5E666F1}.AppStore|iPhoneSimulator.ActiveCfg = Release|Any CPU
		{CDD211DF-62E5-49CA-938C-85AAB5E666F1}.AppStore|iPhoneSimulator.Build.0 = Release|Any CPU
		{CDD211DF-62E5-49CA-938C-85AAB5E666F1}.AppStore|iPhoneSimulator.Deploy.0 = Release|Any CPU
		{CDD211DF-62E5-49CA-938C-85AAB5E666F1}.Debug|Any CPU.ActiveCfg = Debug|Any CPU
		{CDD211DF-62E5-49CA-938C-85AAB5E666F1}.Debug|Any CPU.Build.0 = Debug|Any CPU
		{CDD211DF-62E5-49CA-938C-85AAB5E666F1}.Debug|Any CPU.Deploy.0 = Debug|Any CPU
		{CDD211DF-62E5-49CA-938C-85AAB5E666F1}.Debug|iPhone.ActiveCfg = Debug|Any CPU
		{CDD211DF-62E5-49CA-938C-85AAB5E666F1}.Debug|iPhone.Build.0 = Debug|Any CPU
		{CDD211DF-62E5-49CA-938C-85AAB5E666F1}.Debug|iPhone.Deploy.0 = Debug|Any CPU
		{CDD211DF-62E5-49CA-938C-85AAB5E666F1}.Debug|iPhoneSimulator.ActiveCfg = Debug|Any CPU
		{CDD211DF-62E5-49CA-938C-85AAB5E666F1}.Debug|iPhoneSimulator.Build.0 = Debug|Any CPU
		{CDD211DF-62E5-49CA-938C-85AAB5E666F1}.Debug|iPhoneSimulator.Deploy.0 = Debug|Any CPU
		{CDD211DF-62E5-49CA-938C-85AAB5E666F1}.Release|Any CPU.ActiveCfg = Release|Any CPU
		{CDD211DF-62E5-49CA-938C-85AAB5E666F1}.Release|Any CPU.Build.0 = Release|Any CPU
		{CDD211DF-62E5-49CA-938C-85AAB5E666F1}.Release|Any CPU.Deploy.0 = Release|Any CPU
		{CDD211DF-62E5-49CA-938C-85AAB5E666F1}.Release|iPhone.ActiveCfg = Release|Any CPU
		{CDD211DF-62E5-49CA-938C-85AAB5E666F1}.Release|iPhone.Build.0 = Release|Any CPU
		{CDD211DF-62E5-49CA-938C-85AAB5E666F1}.Release|iPhone.Deploy.0 = Release|Any CPU
		{CDD211DF-62E5-49CA-938C-85AAB5E666F1}.Release|iPhoneSimulator.ActiveCfg = Release|Any CPU
		{CDD211DF-62E5-49CA-938C-85AAB5E666F1}.Release|iPhoneSimulator.Build.0 = Release|Any CPU
		{CDD211DF-62E5-49CA-938C-85AAB5E666F1}.Release|iPhoneSimulator.Deploy.0 = Release|Any CPU
		{BE0BF03D-40E3-4603-A7A0-3C2C8124A78F}.Ad-Hoc|Any CPU.ActiveCfg = Release|Any CPU
		{BE0BF03D-40E3-4603-A7A0-3C2C8124A78F}.Ad-Hoc|Any CPU.Build.0 = Release|Any CPU
		{BE0BF03D-40E3-4603-A7A0-3C2C8124A78F}.Ad-Hoc|iPhone.ActiveCfg = Release|Any CPU
		{BE0BF03D-40E3-4603-A7A0-3C2C8124A78F}.Ad-Hoc|iPhone.Build.0 = Release|Any CPU
		{BE0BF03D-40E3-4603-A7A0-3C2C8124A78F}.Ad-Hoc|iPhoneSimulator.ActiveCfg = Release|Any CPU
		{BE0BF03D-40E3-4603-A7A0-3C2C8124A78F}.Ad-Hoc|iPhoneSimulator.Build.0 = Release|Any CPU
		{BE0BF03D-40E3-4603-A7A0-3C2C8124A78F}.AppStore|Any CPU.ActiveCfg = Release|Any CPU
		{BE0BF03D-40E3-4603-A7A0-3C2C8124A78F}.AppStore|Any CPU.Build.0 = Release|Any CPU
		{BE0BF03D-40E3-4603-A7A0-3C2C8124A78F}.AppStore|iPhone.ActiveCfg = Release|Any CPU
		{BE0BF03D-40E3-4603-A7A0-3C2C8124A78F}.AppStore|iPhone.Build.0 = Release|Any CPU
		{BE0BF03D-40E3-4603-A7A0-3C2C8124A78F}.AppStore|iPhoneSimulator.ActiveCfg = Release|Any CPU
		{BE0BF03D-40E3-4603-A7A0-3C2C8124A78F}.AppStore|iPhoneSimulator.Build.0 = Release|Any CPU
		{BE0BF03D-40E3-4603-A7A0-3C2C8124A78F}.Debug|Any CPU.ActiveCfg = Debug|Any CPU
		{BE0BF03D-40E3-4603-A7A0-3C2C8124A78F}.Debug|Any CPU.Build.0 = Debug|Any CPU
		{BE0BF03D-40E3-4603-A7A0-3C2C8124A78F}.Debug|iPhone.ActiveCfg = Debug|Any CPU
		{BE0BF03D-40E3-4603-A7A0-3C2C8124A78F}.Debug|iPhone.Build.0 = Debug|Any CPU
		{BE0BF03D-40E3-4603-A7A0-3C2C8124A78F}.Debug|iPhoneSimulator.ActiveCfg = Debug|Any CPU
		{BE0BF03D-40E3-4603-A7A0-3C2C8124A78F}.Debug|iPhoneSimulator.Build.0 = Debug|Any CPU
		{BE0BF03D-40E3-4603-A7A0-3C2C8124A78F}.Release|Any CPU.ActiveCfg = Release|Any CPU
		{BE0BF03D-40E3-4603-A7A0-3C2C8124A78F}.Release|Any CPU.Build.0 = Release|Any CPU
		{BE0BF03D-40E3-4603-A7A0-3C2C8124A78F}.Release|iPhone.ActiveCfg = Release|Any CPU
		{BE0BF03D-40E3-4603-A7A0-3C2C8124A78F}.Release|iPhone.Build.0 = Release|Any CPU
		{BE0BF03D-40E3-4603-A7A0-3C2C8124A78F}.Release|iPhoneSimulator.ActiveCfg = Release|Any CPU
		{BE0BF03D-40E3-4603-A7A0-3C2C8124A78F}.Release|iPhoneSimulator.Build.0 = Release|Any CPU
		{CD1E4837-99A6-4849-B254-C5DB4D15F622}.Ad-Hoc|Any CPU.ActiveCfg = Ad-Hoc|iPhoneSimulator
		{CD1E4837-99A6-4849-B254-C5DB4D15F622}.Ad-Hoc|iPhone.ActiveCfg = Ad-Hoc|iPhone
		{CD1E4837-99A6-4849-B254-C5DB4D15F622}.Ad-Hoc|iPhone.Build.0 = Ad-Hoc|iPhone
		{CD1E4837-99A6-4849-B254-C5DB4D15F622}.Ad-Hoc|iPhoneSimulator.ActiveCfg = Ad-Hoc|iPhoneSimulator
		{CD1E4837-99A6-4849-B254-C5DB4D15F622}.Ad-Hoc|iPhoneSimulator.Build.0 = Ad-Hoc|iPhoneSimulator
		{CD1E4837-99A6-4849-B254-C5DB4D15F622}.AppStore|Any CPU.ActiveCfg = AppStore|iPhoneSimulator
		{CD1E4837-99A6-4849-B254-C5DB4D15F622}.AppStore|iPhone.ActiveCfg = AppStore|iPhone
		{CD1E4837-99A6-4849-B254-C5DB4D15F622}.AppStore|iPhone.Build.0 = AppStore|iPhone
		{CD1E4837-99A6-4849-B254-C5DB4D15F622}.AppStore|iPhoneSimulator.ActiveCfg = AppStore|iPhoneSimulator
		{CD1E4837-99A6-4849-B254-C5DB4D15F622}.AppStore|iPhoneSimulator.Build.0 = AppStore|iPhoneSimulator
		{CD1E4837-99A6-4849-B254-C5DB4D15F622}.Debug|Any CPU.ActiveCfg = Debug|iPhoneSimulator
		{CD1E4837-99A6-4849-B254-C5DB4D15F622}.Debug|iPhone.ActiveCfg = Debug|iPhone
		{CD1E4837-99A6-4849-B254-C5DB4D15F622}.Debug|iPhone.Build.0 = Debug|iPhone
		{CD1E4837-99A6-4849-B254-C5DB4D15F622}.Debug|iPhoneSimulator.ActiveCfg = Debug|iPhoneSimulator
		{CD1E4837-99A6-4849-B254-C5DB4D15F622}.Debug|iPhoneSimulator.Build.0 = Debug|iPhoneSimulator
		{CD1E4837-99A6-4849-B254-C5DB4D15F622}.Release|Any CPU.ActiveCfg = Release|iPhoneSimulator
		{CD1E4837-99A6-4849-B254-C5DB4D15F622}.Release|iPhone.ActiveCfg = Release|iPhone
		{CD1E4837-99A6-4849-B254-C5DB4D15F622}.Release|iPhone.Build.0 = Release|iPhone
		{CD1E4837-99A6-4849-B254-C5DB4D15F622}.Release|iPhoneSimulator.ActiveCfg = Release|iPhoneSimulator
		{CD1E4837-99A6-4849-B254-C5DB4D15F622}.Release|iPhoneSimulator.Build.0 = Release|iPhoneSimulator
	EndGlobalSection
	GlobalSection(SolutionProperties) = preSolution
		HideSolutionNode = FALSE
	EndGlobalSection
	GlobalSection(ExtensibilityGlobals) = postSolution
		SolutionGuid = {B30AF438-7775-421B-AC29-93952AEADBBC}
	EndGlobalSection
EndGlobal
